{
  "requires": true,
  "lockfileVersion": 1,
  "dependencies": {
    "q": {
      "version": "1.0.1",
      "resolved": "https://registry.npmjs.org/q/-/q-1.0.1.tgz",
      "integrity": "sha1-EYcq7t7okmgRCxCnGESP+xARKhQ="
    },
    "readdir": {
      "version": "0.1.0",
      "resolved": "https://registry.npmjs.org/readdir/-/readdir-0.1.0.tgz",
      "integrity": "sha512-6ooimObbcBEgROguDY083rVL7EKMWWRYEujAld28oinI3mflpfXJVBGtFNjtRnpYFjuD2RGayOmQJnVEGPyXVQ==",
      "requires": {
        "q": "~1.0.1"
      }
    }
  }
}
